<?xml version="1.0" encoding="utf-8"?>
<Project ToolsVersion="4.0" xmlns="http://schemas.microsoft.com/developer/msbuild/2003">
  <ItemGroup>
    <Filter Include="Source Files">
      <UniqueIdentifier>{4FC737F1-C7A5-4376-A066-2A32D752A2FF}</UniqueIdentifier>
      <Extensions>cpp;c;cc;cxx;def;odl;idl;hpj;bat;asm;asmx</Extensions>
    </Filter>
    <Filter Include="Header Files">
      <UniqueIdentifier>{93995380-89BD-4b04-88EB-625FBE52EBFB}</UniqueIdentifier>
      <Extensions>h;hh;hpp;hxx;hm;inl;inc;ipp;xsd</Extensions>
    </Filter>
    <Filter Include="Resource Files">
      <UniqueIdentifier>{67DA6AB6-F800-4c08-8B7A-83BB121AAD01}</UniqueIdentifier>
      <Extensions>rc;ico;cur;bmp;dlg;rc2;rct;bin;rgs;gif;jpg;jpeg;jpe;resx;tiff;tif;png;wav;mfcribbon-ms</Extensions>
    </Filter>
    <Filter Include="Types">
      <UniqueIdentifier>{00310292-3aa8-4369-affd-fff4fb31b8f9}</UniqueIdentifier>
    </Filter>
    <Filter Include="Strings">
      <UniqueIdentifier>{f2243213-d316-4485-8c76-aece4db51d56}</UniqueIdentifier>
    </Filter>
    <Filter Include="Parsing Classes">
      <UniqueIdentifier>{b5d62681-d337-44d9-8fdb-74596687cb6d}</UniqueIdentifier>
    </Filter>
    <Filter Include="Objects">
      <UniqueIdentifier>{37a52f3e-e762-4cdc-8ef4-84078ba1d3b8}</UniqueIdentifier>
    </Filter>
    <Filter Include="Generic Class">
      <UniqueIdentifier>{acf6630a-5e80-4de3-b05c-0afa9f2e2307}</UniqueIdentifier>
    </Filter>
    <Filter Include="Value">
      <UniqueIdentifier>{f3fb8466-2086-4267-9e76-9a148fc2bc3b}</UniqueIdentifier>
    </Filter>
    <Filter Include="Other Types">
      <UniqueIdentifier>{82a8f6ca-3c2c-4353-8afe-b9987cc4e7e4}</UniqueIdentifier>
    </Filter>
  </ItemGroup>
  <ItemGroup>
    <ClInclude Include="pch.h">
      <Filter>Header Files</Filter>
    </ClInclude>
    <ClInclude Include="StringFunctions.h">
      <Filter>Strings</Filter>
    </ClInclude>
    <ClInclude Include="Parser.h">
      <Filter>Parsing Classes</Filter>
    </ClInclude>
    <ClInclude Include="ClassObject.h">
      <Filter>Objects</Filter>
    </ClInclude>
    <ClInclude Include="object.h">
      <Filter>Objects</Filter>
    </ClInclude>
    <ClInclude Include="GenericClass.h">
      <Filter>Generic Class</Filter>
    </ClInclude>
    <ClInclude Include="value.h">
      <Filter>Value</Filter>
    </ClInclude>
    <ClInclude Include="Array.h">
      <Filter>Other Types</Filter>
    </ClInclude>
    <ClInclude Include="Pair.h">
      <Filter>Other Types</Filter>
    </ClInclude>
    <ClInclude Include="ValueType.h">
      <Filter>Other Types</Filter>
    </ClInclude>
    <ClInclude Include="ValueRegistration.h">
      <Filter>Other Types</Filter>
    </ClInclude>
  </ItemGroup>
  <ItemGroup>
    <ClCompile Include="pch.cpp">
      <Filter>Source Files</Filter>
    </ClCompile>
    <ClCompile Include="Jbon2.0.cpp">
      <Filter>Source Files</Filter>
    </ClCompile>
    <ClCompile Include="StringFunctions.cpp">
      <Filter>Strings</Filter>
    </ClCompile>
    <ClCompile Include="Parser.cpp">
      <Filter>Parsing Classes</Filter>
    </ClCompile>
    <ClCompile Include="ClassObject.cpp">
      <Filter>Objects</Filter>
    </ClCompile>
    <ClCompile Include="object.cpp">
      <Filter>Objects</Filter>
    </ClCompile>
    <ClCompile Include="GenericClass.cpp">
      <Filter>Generic Class</Filter>
    </ClCompile>
    <ClCompile Include="value.cpp">
      <Filter>Value</Filter>
    </ClCompile>
    <ClCompile Include="Array.cpp">
      <Filter>Other Types</Filter>
    </ClCompile>
    <ClCompile Include="Pair.cpp">
      <Filter>Other Types</Filter>
    </ClCompile>
  </ItemGroup>
</Project>